// !$*UTF8*$!
{
	archiveVersion = 1;
	classes = {
	};
	objectVersion = 55;
	objects = {

/* Begin PBXBuildFile section */
		FA337D7A278E88500063819D /* AppDelegate.swift in Sources */ = {isa = PBXBuildFile; fileRef = FA337D79278E88500063819D /* AppDelegate.swift */; };
		FA337D7C278E88500063819D /* SceneDelegate.swift in Sources */ = {isa = PBXBuildFile; fileRef = FA337D7B278E88500063819D /* SceneDelegate.swift */; };
		FA337D7E278E88500063819D /* ConversationsViewController.swift in Sources */ = {isa = PBXBuildFile; fileRef = FA337D7D278E88500063819D /* ConversationsViewController.swift */; };
		FA337D81278E88500063819D /* Main.storyboard in Resources */ = {isa = PBXBuildFile; fileRef = FA337D7F278E88500063819D /* Main.storyboard */; };
		FA337D83278E88550063819D /* Assets.xcassets in Resources */ = {isa = PBXBuildFile; fileRef = FA337D82278E88550063819D /* Assets.xcassets */; };
		FA337D86278E88550063819D /* LaunchScreen.storyboard in Resources */ = {isa = PBXBuildFile; fileRef = FA337D84278E88550063819D /* LaunchScreen.storyboard */; };
		FA36AA5527A26BF00036DC03 /* LoginViewController.swift in Sources */ = {isa = PBXBuildFile; fileRef = FA36AA5427A26BF00036DC03 /* LoginViewController.swift */; };
		FA36AA5727A26C000036DC03 /* RegisterViewController.swift in Sources */ = {isa = PBXBuildFile; fileRef = FA36AA5627A26C000036DC03 /* RegisterViewController.swift */; };
		FA36AA5927A26C140036DC03 /* PhotoViewerViewController.swift in Sources */ = {isa = PBXBuildFile; fileRef = FA36AA5827A26C140036DC03 /* PhotoViewerViewController.swift */; };
		FA36AA5B27A26C2C0036DC03 /* VideoPlayerViewController.swift in Sources */ = {isa = PBXBuildFile; fileRef = FA36AA5A27A26C2C0036DC03 /* VideoPlayerViewController.swift */; };
		FA36AA5D27A26C490036DC03 /* NewConversationViewController.swift in Sources */ = {isa = PBXBuildFile; fileRef = FA36AA5C27A26C490036DC03 /* NewConversationViewController.swift */; };
		FA36AA5F27A26C5C0036DC03 /* ProfileViewController.swift in Sources */ = {isa = PBXBuildFile; fileRef = FA36AA5E27A26C5C0036DC03 /* ProfileViewController.swift */; };
		FA36AA6227A2FD7E0036DC03 /* Extensions.swift in Sources */ = {isa = PBXBuildFile; fileRef = FA36AA6127A2FD7E0036DC03 /* Extensions.swift */; };
/* End PBXBuildFile section */

/* Begin PBXFileReference section */
		FA337D76278E88500063819D /* Messenger.app */ = {isa = PBXFileReference; explicitFileType = wrapper.application; includeInIndex = 0; path = Messenger.app; sourceTree = BUILT_PRODUCTS_DIR; };
		FA337D79278E88500063819D /* AppDelegate.swift */ = {isa = PBXFileReference; lastKnownFileType = sourcecode.swift; path = AppDelegate.swift; sourceTree = "<group>"; };
		FA337D7B278E88500063819D /* SceneDelegate.swift */ = {isa = PBXFileReference; lastKnownFileType = sourcecode.swift; path = SceneDelegate.swift; sourceTree = "<group>"; };
		FA337D7D278E88500063819D /* ConversationsViewController.swift */ = {isa = PBXFileReference; lastKnownFileType = sourcecode.swift; path = ConversationsViewController.swift; sourceTree = "<group>"; };
		FA337D80278E88500063819D /* Base */ = {isa = PBXFileReference; lastKnownFileType = file.storyboard; name = Base; path = Base.lproj/Main.storyboard; sourceTree = "<group>"; };
		FA337D82278E88550063819D /* Assets.xcassets */ = {isa = PBXFileReference; lastKnownFileType = folder.assetcatalog; path = Assets.xcassets; sourceTree = "<group>"; };
		FA337D85278E88550063819D /* Base */ = {isa = PBXFileReference; lastKnownFileType = file.storyboard; name = Base; path = Base.lproj/LaunchScreen.storyboard; sourceTree = "<group>"; };
		FA337D87278E88550063819D /* Info.plist */ = {isa = PBXFileReference; lastKnownFileType = text.plist.xml; path = Info.plist; sourceTree = "<group>"; };
		FA36AA5427A26BF00036DC03 /* LoginViewController.swift */ = {isa = PBXFileReference; lastKnownFileType = sourcecode.swift; path = LoginViewController.swift; sourceTree = "<group>"; };
		FA36AA5627A26C000036DC03 /* RegisterViewController.swift */ = {isa = PBXFileReference; lastKnownFileType = sourcecode.swift; path = RegisterViewController.swift; sourceTree = "<group>"; };
		FA36AA5827A26C140036DC03 /* PhotoViewerViewController.swift */ = {isa = PBXFileReference; lastKnownFileType = sourcecode.swift; path = PhotoViewerViewController.swift; sourceTree = "<group>"; };
		FA36AA5A27A26C2C0036DC03 /* VideoPlayerViewController.swift */ = {isa = PBXFileReference; lastKnownFileType = sourcecode.swift; path = VideoPlayerViewController.swift; sourceTree = "<group>"; };
		FA36AA5C27A26C490036DC03 /* NewConversationViewController.swift */ = {isa = PBXFileReference; lastKnownFileType = sourcecode.swift; path = NewConversationViewController.swift; sourceTree = "<group>"; };
		FA36AA5E27A26C5C0036DC03 /* ProfileViewController.swift */ = {isa = PBXFileReference; lastKnownFileType = sourcecode.swift; path = ProfileViewController.swift; sourceTree = "<group>"; };
		FA36AA6127A2FD7E0036DC03 /* Extensions.swift */ = {isa = PBXFileReference; lastKnownFileType = sourcecode.swift; path = Extensions.swift; sourceTree = "<group>"; };
/* End PBXFileReference section */

/* Begin PBXFrameworksBuildPhase section */
		FA337D73278E88500063819D /* Frameworks */ = {
			isa = PBXFrameworksBuildPhase;
			buildActionMask = 2147483647;
			files = (
			);
			runOnlyForDeploymentPostprocessing = 0;
		};
/* End PBXFrameworksBuildPhase section */

/* Begin PBXGroup section */
		FA337D6D278E88500063819D = {
			isa = PBXGroup;
			children = (
				FA337D78278E88500063819D /* Messenger */,
				FA337D77278E88500063819D /* Products */,
			);
			sourceTree = "<group>";
		};
		FA337D77278E88500063819D /* Products */ = {
			isa = PBXGroup;
			children = (
				FA337D76278E88500063819D /* Messenger.app */,
			);
			name = Products;
			sourceTree = "<group>";
		};
		FA337D78278E88500063819D /* Messenger */ = {
			isa = PBXGroup;
			children = (
				FA337D91278EBF970063819D /* Resources */,
				FA337D90278EBF8A0063819D /* ViewModels */,
				FA337D8F278E890A0063819D /* Models */,
				FA337D8E278E88FC0063819D /* Views */,
				FA337D8D278E88DA0063819D /* Controllers */,
				FA337D87278E88550063819D /* Info.plist */,
			);
			path = Messenger;
			sourceTree = "<group>";
		};
		FA337D8D278E88DA0063819D /* Controllers */ = {
			isa = PBXGroup;
			children = (
				FA337D7D278E88500063819D /* ConversationsViewController.swift */,
				FA36AA6027A2F5AF0036DC03 /* Login */,
				FA36AA5827A26C140036DC03 /* PhotoViewerViewController.swift */,
				FA36AA5A27A26C2C0036DC03 /* VideoPlayerViewController.swift */,
				FA36AA5C27A26C490036DC03 /* NewConversationViewController.swift */,
				FA36AA5E27A26C5C0036DC03 /* ProfileViewController.swift */,
			);
			path = Controllers;
			sourceTree = "<group>";
		};
		FA337D8E278E88FC0063819D /* Views */ = {
			isa = PBXGroup;
			children = (
				FA337D7F278E88500063819D /* Main.storyboard */,
				FA337D82278E88550063819D /* Assets.xcassets */,
				FA337D84278E88550063819D /* LaunchScreen.storyboard */,
			);
			path = Views;
			sourceTree = "<group>";
		};
		FA337D8F278E890A0063819D /* Models */ = {
			isa = PBXGroup;
			children = (
			);
			path = Models;
			sourceTree = "<group>";
		};
		FA337D90278EBF8A0063819D /* ViewModels */ = {
			isa = PBXGroup;
			children = (
			);
			path = ViewModels;
			sourceTree = "<group>";
		};
		FA337D91278EBF970063819D /* Resources */ = {
			isa = PBXGroup;
			children = (
				FA337D79278E88500063819D /* AppDelegate.swift */,
				FA337D7B278E88500063819D /* SceneDelegate.swift */,
				FA36AA6127A2FD7E0036DC03 /* Extensions.swift */,
			);
			path = Resources;
			sourceTree = "<group>";
		};
		FA36AA6027A2F5AF0036DC03 /* Login */ = {
			isa = PBXGroup;
			children = (
				FA36AA5427A26BF00036DC03 /* LoginViewController.swift */,
				FA36AA5627A26C000036DC03 /* RegisterViewController.swift */,
			);
			path = Login;
			sourceTree = "<group>";
		};
/* End PBXGroup section */

/* Begin PBXNativeTarget section */
		FA337D75278E88500063819D /* Messenger */ = {
			isa = PBXNativeTarget;
			buildConfigurationList = FA337D8A278E88550063819D /* Build configuration list for PBXNativeTarget "Messenger" */;
			buildPhases = (
				FA337D72278E88500063819D /* Sources */,
				FA337D73278E88500063819D /* Frameworks */,
				FA337D74278E88500063819D /* Resources */,
			);
			buildRules = (
			);
			dependencies = (
			);
			name = Messenger;
			productName = Messenger;
			productReference = FA337D76278E88500063819D /* Messenger.app */;
			productType = "com.apple.product-type.application";
		};
/* End PBXNativeTarget section */

/* Begin PBXProject section */
		FA337D6E278E88500063819D /* Project object */ = {
			isa = PBXProject;
			attributes = {
				BuildIndependentTargetsInParallel = 1;
				LastSwiftUpdateCheck = 1310;
				LastUpgradeCheck = 1310;
				TargetAttributes = {
					FA337D75278E88500063819D = {
						CreatedOnToolsVersion = 13.1;
					};
				};
			};
			buildConfigurationList = FA337D71278E88500063819D /* Build configuration list for PBXProject "Messenger" */;
			compatibilityVersion = "Xcode 13.0";
			developmentRegion = en;
			hasScannedForEncodings = 0;
			knownRegions = (
				en,
				Base,
			);
			mainGroup = FA337D6D278E88500063819D;
			productRefGroup = FA337D77278E88500063819D /* Products */;
			projectDirPath = "";
			projectRoot = "";
			targets = (
				FA337D75278E88500063819D /* Messenger */,
			);
		};
/* End PBXProject section */

/* Begin PBXResourcesBuildPhase section */
		FA337D74278E88500063819D /* Resources */ = {
			isa = PBXResourcesBuildPhase;
			buildActionMask = 2147483647;
			files = (
				FA337D86278E88550063819D /* LaunchScreen.storyboard in Resources */,
				FA337D83278E88550063819D /* Assets.xcassets in Resources */,
				FA337D81278E88500063819D /* Main.storyboard in Resources */,
			);
			runOnlyForDeploymentPostprocessing = 0;
		};
/* End PBXResourcesBuildPhase section */

/* Begin PBXSourcesBuildPhase section */
		FA337D72278E88500063819D /* Sources */ = {
			isa = PBXSourcesBuildPhase;
			buildActionMask = 2147483647;
			files = (
				FA36AA5527A26BF00036DC03 /* LoginViewController.swift in Sources */,
				FA36AA5727A26C000036DC03 /* RegisterViewController.swift in Sources */,
				FA36AA5D27A26C490036DC03 /* NewConversationViewController.swift in Sources */,
				FA337D7E278E88500063819D /* ConversationsViewController.swift in Sources */,
				FA36AA5B27A26C2C0036DC03 /* VideoPlayerViewController.swift in Sources */,
				FA36AA6227A2FD7E0036DC03 /* Extensions.swift in Sources */,
				FA337D7A278E88500063819D /* AppDelegate.swift in Sources */,
				FA36AA5F27A26C5C0036DC03 /* ProfileViewController.swift in Sources */,
				FA337D7C278E88500063819D /* SceneDelegate.swift in Sources */,
				FA36AA5927A26C140036DC03 /* PhotoViewerViewController.swift in Sources */,
			);
			runOnlyForDeploymentPostprocessing = 0;
		};
/* End PBXSourcesBuildPhase section */

/* Begin PBXVariantGroup section */
		FA337D7F278E88500063819D /* Main.storyboard */ = {
			isa = PBXVariantGroup;
			children = (
				FA337D80278E88500063819D /* Base */,
			);
			name = Main.storyboard;
			sourceTree = "<group>";
		};
		FA337D84278E88550063819D /* LaunchScreen.storyboard */ = {
			isa = PBXVariantGroup;
			children = (
				FA337D85278E88550063819D /* Base */,
			);
			name = LaunchScreen.storyboard;
			sourceTree = "<group>";
		};
/* End PBXVariantGroup section */

/* Begin XCBuildConfiguration section */
		FA337D88278E88550063819D /* Debug */ = {
			isa = XCBuildConfiguration;
			buildSettings = {
				ALWAYS_SEARCH_USER_PATHS = NO;
				CLANG_ANALYZER_NONNULL = YES;
				CLANG_ANALYZER_NUMBER_OBJECT_CONVERSION = YES_AGGRESSIVE;
				CLANG_CXX_LANGUAGE_STANDARD = "gnu++17";
				CLANG_CXX_LIBRARY = "libc++";
				CLANG_ENABLE_MODULES = YES;
				CLANG_ENABLE_OBJC_ARC = YES;
				CLANG_ENABLE_OBJC_WEAK = YES;
				CLANG_WARN_BLOCK_CAPTURE_AUTORELEASING = YES;
				CLANG_WARN_BOOL_CONVERSION = YES;
				CLANG_WARN_COMMA = YES;
				CLANG_WARN_CONSTANT_CONVERSION = YES;
				CLANG_WARN_DEPRECATED_OBJC_IMPLEMENTATIONS = YES;
				CLANG_WARN_DIRECT_OBJC_ISA_USAGE = YES_ERROR;
				CLANG_WARN_DOCUMENTATION_COMMENTS = YES;
				CLANG_WARN_EMPTY_BODY = YES;
				CLANG_WARN_ENUM_CONVERSION = YES;
				CLANG_WARN_INFINITE_RECURSION = YES;
				CLANG_WARN_INT_CONVERSION = YES;
				CLANG_WARN_NON_LITERAL_NULL_CONVERSION = YES;
				CLANG_WARN_OBJC_IMPLICIT_RETAIN_SELF = YES;
				CLANG_WARN_OBJC_LITERAL_CONVERSION = YES;
				CLANG_WARN_OBJC_ROOT_CLASS = YES_ERROR;
				CLANG_WARN_QUOTED_INCLUDE_IN_FRAMEWORK_HEADER = YES;
				CLANG_WARN_RANGE_LOOP_ANALYSIS = YES;
				CLANG_WARN_STRICT_PROTOTYPES = YES;
				CLANG_WARN_SUSPICIOUS_MOVE = YES;
				CLANG_WARN_UNGUARDED_AVAILABILITY = YES_AGGRESSIVE;
				CLANG_WARN_UNREACHABLE_CODE = YES;
				CLANG_WARN__DUPLICATE_METHOD_MATCH = YES;
				COPY_PHASE_STRIP = NO;
				DEBUG_INFORMATION_FORMAT = dwarf;
				ENABLE_STRICT_OBJC_MSGSEND = YES;
				ENABLE_TESTABILITY = YES;
				GCC_C_LANGUAGE_STANDARD = gnu11;
				GCC_DYNAMIC_NO_PIC = NO;
				GCC_NO_COMMON_BLOCKS = YES;
				GCC_OPTIMIZATION_LEVEL = 0;
				GCC_PREPROCESSOR_DEFINITIONS = (
					"DEBUG=1",
					"$(inherited)",
				);
				GCC_WARN_64_TO_32_BIT_CONVERSION = YES;
				GCC_WARN_ABOUT_RETURN_TYPE = YES_ERROR;
				GCC_WARN_UNDECLARED_SELECTOR = YES;
				GCC_WARN_UNINITIALIZED_AUTOS = YES_AGGRESSIVE;
				GCC_WARN_UNUSED_FUNCTION = YES;
				GCC_WARN_UNUSED_VARIABLE = YES;
				IPHONEOS_DEPLOYMENT_TARGET = 15.0;
				MTL_ENABLE_DEBUG_INFO = INCLUDE_SOURCE;
				MTL_FAST_MATH = YES;
				ONLY_ACTIVE_ARCH = YES;
				SDKROOT = iphoneos;
				SWIFT_ACTIVE_COMPILATION_CONDITIONS = DEBUG;
				SWIFT_OPTIMIZATION_LEVEL = "-Onone";
			};
			name = Debug;
		};
		FA337D89278E88550063819D /* Release */ = {
			isa = XCBuildConfiguration;
			buildSettings = {
				ALWAYS_SEARCH_USER_PATHS = NO;
				CLANG_ANALYZER_NONNULL = YES;
				CLANG_ANALYZER_NUMBER_OBJECT_CONVERSION = YES_AGGRESSIVE;
				CLANG_CXX_LANGUAGE_STANDARD = "gnu++17";
				CLANG_CXX_LIBRARY = "libc++";
				CLANG_ENABLE_MODULES = YES;
				CLANG_ENABLE_OBJC_ARC = YES;
				CLANG_ENABLE_OBJC_WEAK = YES;
				CLANG_WARN_BLOCK_CAPTURE_AUTORELEASING = YES;
				CLANG_WARN_BOOL_CONVERSION = YES;
				CLANG_WARN_COMMA = YES;
				CLANG_WARN_CONSTANT_CONVERSION = YES;
				CLANG_WARN_DEPRECATED_OBJC_IMPLEMENTATIONS = YES;
				CLANG_WARN_DIRECT_OBJC_ISA_USAGE = YES_ERROR;
				CLANG_WARN_DOCUMENTATION_COMMENTS = YES;
				CLANG_WARN_EMPTY_BODY = YES;
				CLANG_WARN_ENUM_CONVERSION = YES;
				CLANG_WARN_INFINITE_RECURSION = YES;
				CLANG_WARN_INT_CONVERSION = YES;
				CLANG_WARN_NON_LITERAL_NULL_CONVERSION = YES;
				CLANG_WARN_OBJC_IMPLICIT_RETAIN_SELF = YES;
				CLANG_WARN_OBJC_LITERAL_CONVERSION = YES;
				CLANG_WARN_OBJC_ROOT_CLASS = YES_ERROR;
				CLANG_WARN_QUOTED_INCLUDE_IN_FRAMEWORK_HEADER = YES;
				CLANG_WARN_RANGE_LOOP_ANALYSIS = YES;
				CLANG_WARN_STRICT_PROTOTYPES = YES;
				CLANG_WARN_SUSPICIOUS_MOVE = YES;
				CLANG_WARN_UNGUARDED_AVAILABILITY = YES_AGGRESSIVE;
				CLANG_WARN_UNREACHABLE_CODE = YES;
				CLANG_WARN__DUPLICATE_METHOD_MATCH = YES;
				COPY_PHASE_STRIP = NO;
				DEBUG_INFORMATION_FORMAT = "dwarf-with-dsym";
				ENABLE_NS_ASSERTIONS = NO;
				ENABLE_STRICT_OBJC_MSGSEND = YES;
				GCC_C_LANGUAGE_STANDARD = gnu11;
				GCC_NO_COMMON_BLOCKS = YES;
				GCC_WARN_64_TO_32_BIT_CONVERSION = YES;
				GCC_WARN_ABOUT_RETURN_TYPE = YES_ERROR;
				GCC_WARN_UNDECLARED_SELECTOR = YES;
				GCC_WARN_UNINITIALIZED_AUTOS = YES_AGGRESSIVE;
				GCC_WARN_UNUSED_FUNCTION = YES;
				GCC_WARN_UNUSED_VARIABLE = YES;
				IPHONEOS_DEPLOYMENT_TARGET = 15.0;
				MTL_ENABLE_DEBUG_INFO = NO;
				MTL_FAST_MATH = YES;
				SDKROOT = iphoneos;
				SWIFT_COMPILATION_MODE = wholemodule;
				SWIFT_OPTIMIZATION_LEVEL = "-O";
				VALIDATE_PRODUCT = YES;
			};
			name = Release;
		};
		FA337D8B278E88550063819D /* Debug */ = {
			isa = XCBuildConfiguration;
			buildSettings = {
				ASSETCATALOG_COMPILER_APPICON_NAME = AppIcon;
				ASSETCATALOG_COMPILER_GLOBAL_ACCENT_COLOR_NAME = AccentColor;
				CODE_SIGN_STYLE = Automatic;
				CURRENT_PROJECT_VERSION = 1;
				GENERATE_INFOPLIST_FILE = YES;
				INFOPLIST_FILE = Messenger/Info.plist;
				INFOPLIST_KEY_UIApplicationSupportsIndirectInputEvents = YES;
				INFOPLIST_KEY_UILaunchStoryboardName = LaunchScreen;
				INFOPLIST_KEY_UIMainStoryboardFile = Main;
				INFOPLIST_KEY_UISupportedInterfaceOrientations = UIInterfaceOrientationPortrait;
				INFOPLIST_KEY_UISupportedInterfaceOrientations_iPad = "UIInterfaceOrientationPortrait UIInterfaceOrientationPortraitUpsideDown UIInterfaceOrientationLandscapeLeft UIInterfaceOrientationLandscapeRight";
				INFOPLIST_KEY_UISupportedInterfaceOrientations_iPhone = "UIInterfaceOrientationPortrait UIInterfaceOrientationLandscapeLeft UIInterfaceOrientationLandscapeRight";
				LD_RUNPATH_SEARCH_PATHS = (
					"$(inherited)",
					"@executable_path/Frameworks",
				);
				MARKETING_VERSION = 1.0;
				PRODUCT_BUNDLE_IDENTIFIER = pzm.com.Messenger;
				PRODUCT_NAME = "$(TARGET_NAME)";
				SWIFT_EMIT_LOC_STRINGS = YES;
				SWIFT_VERSION = 5.0;
				TARGETED_DEVICE_FAMILY = "1,2";
			};
			name = Debug;
		};
		FA337D8C278E88550063819D /* Release */ = {
			isa = XCBuildConfiguration;
			buildSettings = {
				ASSETCATALOG_COMPILER_APPICON_NAME = AppIcon;
				ASSETCATALOG_COMPILER_GLOBAL_ACCENT_COLOR_NAME = AccentColor;
				CODE_SIGN_STYLE = Automatic;
				CURRENT_PROJECT_VERSION = 1;
				GENERATE_INFOPLIST_FILE = YES;
				INFOPLIST_FILE = Messenger/Info.plist;
				INFOPLIST_KEY_UIApplicationSupportsIndirectInputEvents = YES;
				INFOPLIST_KEY_UILaunchStoryboardName = LaunchScreen;
				INFOPLIST_KEY_UIMainStoryboardFile = Main;
				INFOPLIST_KEY_UISupportedInterfaceOrientations = UIInterfaceOrientationPortrait;
				INFOPLIST_KEY_UISupportedInterfaceOrientations_iPad = "UIInterfaceOrientationPortrait UIInterfaceOrientationPortraitUpsideDown UIInterfaceOrientationLandscapeLeft UIInterfaceOrientationLandscapeRight";
				INFOPLIST_KEY_UISupportedInterfaceOrientations_iPhone = "UIInterfaceOrientationPortrait UIInterfaceOrientationLandscapeLeft UIInterfaceOrientationLandscapeRight";
				LD_RUNPATH_SEARCH_PATHS = (
					"$(inherited)",
					"@executable_path/Frameworks",
				);
				MARKETING_VERSION = 1.0;
				PRODUCT_BUNDLE_IDENTIFIER = pzm.com.Messenger;
				PRODUCT_NAME = "$(TARGET_NAME)";
				SWIFT_EMIT_LOC_STRINGS = YES;
				SWIFT_VERSION = 5.0;
				TARGETED_DEVICE_FAMILY = "1,2";
			};
			name = Release;
		};
/* End XCBuildConfiguration section */

/* Begin XCConfigurationList section */
		FA337D71278E88500063819D /* Build configuration list for PBXProject "Messenger" */ = {
			isa = XCConfigurationList;
			buildConfigurations = (
				FA337D88278E88550063819D /* Debug */,
				FA337D89278E88550063819D /* Release */,
			);
			defaultConfigurationIsVisible = 0;
			defaultConfigurationName = Release;
		};
		FA337D8A278E88550063819D /* Build configuration list for PBXNativeTarget "Messenger" */ = {
			isa = XCConfigurationList;
			buildConfigurations = (
				FA337D8B278E88550063819D /* Debug */,
				FA337D8C278E88550063819D /* Release */,
			);
			defaultConfigurationIsVisible = 0;
			defaultConfigurationName = Release;
		};
/* End XCConfigurationList section */
	};
	rootObject = FA337D6E278E88500063819D /* Project object */;
}
